# Generated by conda-lock.
# platform: linux-64
# input_hash: 2b6b28e7c2b614267c17102b3c01be81a2701d0bc462e1638a3c90cfcde20a97
@EXPLICIT
https://conda.anaconda.org/conda-forge/noarch/font-ttf-dejavu-sans-mono-2.37-hab24e00_0.tar.bz2#0c96522c6bdaed4b1566d11387caaf45
https://conda.anaconda.org/conda-forge/noarch/font-ttf-inconsolata-3.000-h77eed37_0.tar.bz2#34893075a5c9e55cdafac56607368fc6
https://conda.anaconda.org/conda-forge/noarch/font-ttf-source-code-pro-2.038-h77eed37_0.tar.bz2#4d59c254e01d9cde7957100457e2d5fb
https://conda.anaconda.org/conda-forge/noarch/font-ttf-ubuntu-0.83-h77eed37_3.conda#49023d73832ef61042f6a237cb2687e7
https://conda.anaconda.org/conda-forge/noarch/python_abi-3.12-8_cp312.conda#c3efd25ac4d74b1584d2f7a57195ddf1
https://conda.anaconda.org/conda-forge/noarch/tzdata-2025c-hc9c84f9_1.conda#ad659d0a2b3e47e38d829aa8cad2d610
https://conda.anaconda.org/conda-forge/noarch/ca-certificates-2026.6.17-hbd8a1cb_0.conda#a9965dd99f683c5f444428f896635716
https://conda.anaconda.org/conda-forge/noarch/fonts-conda-forge-1-hc364b38_1.conda#a7970cd949a077b7cb9696379d338681
https://conda.anaconda.org/conda-forge/linux-64/libgomp-15.2.0-he0feb66_19.conda#faac990cb7aedc7f3a2224f2c9b0c26c
https://conda.anaconda.org/conda-forge/linux-64/libzlib-1.3.2-h25fd6f3_2.conda#d87ff7921124eccd67248aa483c23fec
https://conda.anaconda.org/conda-forge/linux-64/_openmp_mutex-4.5-20_gnu.conda#a9f577daf3de00bca7c3c76c0ecbd1de
https://conda.anaconda.org/conda-forge/noarch/fonts-conda-ecosystem-1-0.tar.bz2#fee5683a3f04bd15cbd8318b096a27ab
https://conda.anaconda.org/conda-forge/linux-64/zlib-1.3.2-h25fd6f3_2.conda#c2a01a08fc991620a74b32420e97868a
https://conda.anaconda.org/conda-forge/linux-64/zstd-1.5.7-hb78ec9c_6.conda#4a13eeac0b5c8e5b8ab496e6c4ddd829
https://conda.anaconda.org/conda-forge/linux-64/ld_impl_linux-64-2.45.1-default_hbd61a6d_102.conda#18335a698559cdbcd86150a48bf54ba6
https://conda.anaconda.org/conda-forge/linux-64/libgcc-15.2.0-he0feb66_19.conda#57736f29cc2b0ec0b6c2952d3f101b6a
https://conda.anaconda.org/conda-forge/linux-64/alsa-lib-1.2.16.1-hb03c661_0.conda#8904e09bda369377b3dd07e2ac828c5d
https://conda.anaconda.org/conda-forge/linux-64/bzip2-1.0.8-hda65f42_9.conda#d2ffd7602c02f2b316fd921d39876885
https://conda.anaconda.org/conda-forge/linux-64/c-ares-1.34.6-hb03c661_0.conda#920bb03579f15389b9e512095ad995b7
https://conda.anaconda.org/conda-forge/linux-64/fribidi-1.0.16-hb03c661_0.conda#f9f81ea472684d75b9dd8d0b328cf655
https://conda.anaconda.org/conda-forge/linux-64/isa-l-2.31.1-hb9d3cd8_1.conda#00f364ec0a7e975ec9d2fc720b19c129
https://conda.anaconda.org/conda-forge/linux-64/keyutils-1.6.3-hb9d3cd8_0.conda#b38117a3c920364aff79f870c984b4a3
https://conda.anaconda.org/conda-forge/linux-64/libbrotlicommon-1.2.0-hb03c661_1.conda#72c8fd1af66bd67bf580645b426513ed
https://conda.anaconda.org/conda-forge/linux-64/libdeflate-1.25-h17f619e_0.conda#6c77a605a7a689d17d4819c0f8ac9a00
https://conda.anaconda.org/conda-forge/linux-64/libexpat-2.8.1-hecca717_1.conda#b24d3c612f71e7aa74158d92106318b2
https://conda.anaconda.org/conda-forge/linux-64/libffi-3.5.2-h3435931_0.conda#a360c33a5abe61c07959e449fa1453eb
https://conda.anaconda.org/conda-forge/linux-64/libgcc-ng-15.2.0-h69a702a_19.conda#331ee9b72b9dff570d56b1302c5ab37d
https://conda.anaconda.org/conda-forge/linux-64/libgfortran5-15.2.0-h68bc16d_19.conda#85072b0ad177c966294f129b7c04a2d5
https://conda.anaconda.org/conda-forge/linux-64/libiconv-1.18-h3b78370_2.conda#915f5995e94f60e9a4826e0b0920ee88
https://conda.anaconda.org/conda-forge/linux-64/libjpeg-turbo-3.1.4.1-hb03c661_0.conda#6178c6f2fb254558238ef4e6c56fb782
https://conda.anaconda.org/conda-forge/linux-64/liblzma-5.8.3-hb03c661_0.conda#b88d90cad08e6bc8ad540cb310a761fb
https://conda.anaconda.org/conda-forge/linux-64/libnsl-2.0.1-hb9d3cd8_1.conda#d864d34357c3b65a4b731f78c0801dc4
https://conda.anaconda.org/conda-forge/linux-64/libpng-1.6.58-h421ea60_0.conda#eba48a68a1a2b9d3c0d9511548db85db
https://conda.anaconda.org/conda-forge/linux-64/libsqlite-3.53.2-h0c1763c_0.conda#062b0ac602fb0adf250e3dfa86f221c4
https://conda.anaconda.org/conda-forge/linux-64/libstdcxx-15.2.0-h934c35e_19.conda#5794b3bdc38177caf969dabd3af08549
https://conda.anaconda.org/conda-forge/linux-64/libuuid-2.42.2-h5347b49_0.conda#01bb81d12c957de066ea7362007df642
https://conda.anaconda.org/conda-forge/linux-64/libwebp-base-1.6.0-hd42ef1d_0.conda#aea31d2e5b1091feca96fcfe945c3cf9
https://conda.anaconda.org/conda-forge/linux-64/ncurses-6.6-hdb14827_0.conda#fc21868a1a5aacc937e7a18747acb8a5
https://conda.anaconda.org/conda-forge/linux-64/openssl-3.6.3-h35e630c_0.conda#79dd2074b5cd5c5c6b2930514a11e22d
https://conda.anaconda.org/conda-forge/linux-64/pigz-2.8-h421ea60_2.conda#3d71c0550440051500a14e13f691580d
https://conda.anaconda.org/conda-forge/linux-64/pthread-stubs-0.4-hb9d3cd8_1002.conda#b3c17d95b5a10c6e64a21fa17573e70e
https://conda.anaconda.org/conda-forge/linux-64/tk-8.6.13-noxft_h366c992_103.conda#cffd3bdd58090148f4cfcd831f4b26ab
https://conda.anaconda.org/conda-forge/linux-64/xorg-libice-1.1.2-hb9d3cd8_0.conda#fb901ff28063514abb6046c9ec2c4a45
https://conda.anaconda.org/conda-forge/linux-64/xorg-libxau-1.0.12-hb03c661_1.conda#b2895afaf55bf96a8c8282a2e47a5de0
https://conda.anaconda.org/conda-forge/linux-64/xorg-libxdmcp-1.1.5-hb03c661_1.conda#1dafce8548e38671bea82e3f5c6ce22f
https://conda.anaconda.org/conda-forge/linux-64/yaml-0.2.5-h280c20c_3.conda#a77f85f77be52ff59391544bfe73390a
https://conda.anaconda.org/bioconda/linux-64/bedtools-2.31.1-h13024bc_3.tar.bz2#99c4e90e82db906439e00beafb343d16
https://conda.anaconda.org/conda-forge/linux-64/giflib-5.2.2-hd590300_0.conda#3bf7b9fd5a7136126e0234db4b87c8b6
https://conda.anaconda.org/conda-forge/linux-64/graphite2-1.3.15-hecca717_0.conda#cf09e9fc938518e91d0706572cadf17a
https://conda.anaconda.org/conda-forge/linux-64/icu-78.3-h33c6efd_0.conda#c80d8a3b84358cb967fa81e7075fbc8a
https://conda.anaconda.org/conda-forge/linux-64/lerc-4.1.0-hdb68285_0.conda#a752488c68f2e7c456bcbd8f16eec275
https://conda.anaconda.org/conda-forge/linux-64/libbrotlidec-1.2.0-hb03c661_1.conda#366b40a69f0ad6072561c1d09301c886
https://conda.anaconda.org/conda-forge/linux-64/libbrotlienc-1.2.0-hb03c661_1.conda#4ffbb341c8b616aa2494b6afb26a0c5f
https://conda.anaconda.org/conda-forge/linux-64/libedit-3.1.20250104-pl5321h7949ede_0.conda#c277e0a4d549b03ac1e9d6cbbe3d017b
https://conda.anaconda.org/conda-forge/linux-64/libev-4.33-hd590300_2.conda#172bf1cd1ff8629f2b1179945ed45055
https://conda.anaconda.org/conda-forge/linux-64/libfreetype6-2.14.3-h73754d4_0.conda#fb16b4b69e3f1dcfe79d80db8fd0c55d
https://conda.anaconda.org/conda-forge/linux-64/libgfortran-15.2.0-h69a702a_19.conda#42bf7eca1a951735fa06c0e3c0d5c8e6
https://conda.anaconda.org/conda-forge/linux-64/libssh2-1.11.1-hcf80075_0.conda#eecce068c7e4eddeb169591baac20ac4
https://conda.anaconda.org/conda-forge/linux-64/libstdcxx-ng-15.2.0-hdf11a46_19.conda#e5ce228e579726c07255dbf90dc62101
https://conda.anaconda.org/conda-forge/linux-64/libxcb-1.17.0-h8a09558_0.conda#92ed62436b625154323d40d5f2f11dd7
https://conda.anaconda.org/conda-forge/linux-64/libxcrypt-4.4.36-hd590300_1.conda#5aa797f8787fe7a17d1b0821485b5adc
https://conda.anaconda.org/conda-forge/linux-64/pcre2-10.47-haa7fec5_0.conda#7a3bff861a6583f1889021facefc08b1
https://conda.anaconda.org/conda-forge/linux-64/pixman-0.46.4-h54a6638_1.conda#c01af13bdc553d1a8fbfff6e8db075f0
https://conda.anaconda.org/conda-forge/linux-64/readline-8.3-h853b02a_0.conda#d7d95fc8287ea7bf33e0e7116d2b95ec
https://conda.anaconda.org/conda-forge/linux-64/xorg-libsm-1.2.6-he73a12e_0.conda#1c74ff8c35dcadf952a16f752ca5aa49
https://conda.anaconda.org/conda-forge/linux-64/zlib-ng-2.3.3-hceb46e0_1.conda#2aadb0d17215603a82a2a6b0afd9a4cb
https://conda.anaconda.org/conda-forge/linux-64/brotli-bin-1.2.0-hb03c661_1.conda#af39b9a8711d4a8d437b52c1d78eb6a1
https://conda.anaconda.org/conda-forge/linux-64/krb5-1.22.2-hbde042b_1.conda#54157a1c8c0bb70f62dd0b17fba7e7f2
https://conda.anaconda.org/conda-forge/linux-64/libfreetype-2.14.3-ha770c72_0.conda#e289f3d17880e44b633ba911d57a321b
https://conda.anaconda.org/conda-forge/linux-64/libglib-2.88.1-h0d30a3d_2.conda#17d484ab9c8179c6a6e5b7dbb5065afc
https://conda.anaconda.org/conda-forge/linux-64/libnghttp2-1.68.1-h877daf1_0.conda#2a45e7f8af083626f009645a6481f12d
https://conda.anaconda.org/conda-forge/linux-64/libopenblas-0.3.33-pthreads_h94d23a6_0.conda#2d3278b721e40468295ca755c3b84070
https://conda.anaconda.org/conda-forge/linux-64/libtiff-4.7.1-h9d88235_1.conda#cd5a90476766d53e901500df9215e927
https://conda.anaconda.org/conda-forge/linux-64/pbzip2-1.1.13-h1fcc475_2.conda#e1bf3c0868789f3ddf5d1aeb47bc60a6
https://conda.anaconda.org/conda-forge/linux-64/perl-5.32.1-7_hd590300_perl5.conda#f2cfec9406850991f4e3d960cc9e3321
https://conda.anaconda.org/conda-forge/linux-64/python-3.12.13-hd63d673_0_cpython.conda#7eccb41177e15cc672e1babe9056018e
https://conda.anaconda.org/conda-forge/linux-64/qhull-2020.2-h434a139_5.conda#353823361b1d27eb3960efb076dfcaf6
https://conda.anaconda.org/conda-forge/linux-64/xorg-libx11-1.8.13-he1eb515_0.conda#861fb6ccbc677bb9a9fb2468430b9c6a
https://conda.anaconda.org/conda-forge/noarch/alabaster-1.0.0-pyhd8ed1ab_1.conda#1fd9696649f65fd6611fcdb4ffec738a
https://conda.anaconda.org/conda-forge/noarch/annotated-doc-0.0.4-pyhcf101f3_0.conda#52be5139047efadaeeb19c6a5103f92a
https://conda.anaconda.org/conda-forge/noarch/appdirs-1.4.4-pyhd8ed1ab_1.conda#f4e90937bbfc3a4a92539545a37bb448
https://conda.anaconda.org/conda-forge/noarch/argparse-dataclass-2.0.0-pyhd8ed1ab_1.conda#3c0e753fd317fa10d34020a2bc8add8e
https://conda.anaconda.org/conda-forge/noarch/attrs-26.1.0-pyhcf101f3_0.conda#c6b0543676ecb1fb2d7643941fe375f2
https://conda.anaconda.org/conda-forge/noarch/babel-2.18.0-pyhcf101f3_1.conda#f1976ce927373500cc19d3c0b2c85177
https://conda.anaconda.org/conda-forge/linux-64/backports.zstd-1.6.0-py312h90b7ffd_0.conda#55811da425538da800b89c0c588652fa
https://conda.anaconda.org/bioconda/linux-64/bowtie2-2.5.5-ha27dd3b_0.conda#af24eb11ce11479ee06d7dc499da0a28
https://conda.anaconda.org/conda-forge/linux-64/brotli-1.2.0-hed03a55_1.conda#8ccf913aaba749a5496c17629d859ed1
https://conda.anaconda.org/conda-forge/linux-64/brotli-python-1.2.0-py312hdb49522_1.conda#64088dffd7413a2dd557ce837b4cbbdb
https://conda.anaconda.org/conda-forge/noarch/certifi-2026.6.17-pyhd8ed1ab_0.conda#c13824fedced67005d3832c152fe9c2f
https://conda.anaconda.org/conda-forge/noarch/charset-normalizer-3.4.7-pyhd8ed1ab_0.conda#a9167b9571f3baa9d448faa2139d1089
https://conda.anaconda.org/conda-forge/noarch/colorama-0.4.6-pyhd8ed1ab_1.conda#962b9857ee8e7018c22f2776ffa0b2d7
https://conda.anaconda.org/conda-forge/noarch/connection_pool-0.0.3-pyhd3deb0d_0.tar.bz2#e270fff08907db8691c02a0eda8d38ae
https://conda.anaconda.org/conda-forge/noarch/cycler-0.12.1-pyhcf101f3_2.conda#4c2a8fef270f6c69591889b93f9f55c1
https://conda.anaconda.org/conda-forge/linux-64/cykhash-2.0.1-py312h1289d80_3.conda#2c9ad1d6277e1768df3c5859ac5e4651
https://conda.anaconda.org/bioconda/linux-64/deeptoolsintervals-0.1.9-py312h9639c01_12.conda#effde0154306d96ccd2ea9c0c131d973
https://conda.anaconda.org/conda-forge/noarch/docutils-0.22.4-pyhd8ed1ab_0.conda#d6bd3cd217e62bbd7efe67ff224cd667
https://conda.anaconda.org/conda-forge/noarch/dpath-2.2.0-pyha770c72_1.conda#7b2af124684a994217e62c641bca2e48
https://conda.anaconda.org/conda-forge/linux-64/fontconfig-2.18.1-h27c8c51_0.conda#e0e050cfa9fa85fe39632ab11cb7f3e0
https://conda.anaconda.org/conda-forge/linux-64/freetype-2.14.3-ha770c72_0.conda#8462b5322567212beeb025f3519fb3e2
https://conda.anaconda.org/conda-forge/noarch/hpack-4.2.0-pyhd8ed1ab_0.conda#b395909221b9bd1df066e5930e18855b
https://conda.anaconda.org/conda-forge/noarch/humanfriendly-10.0-pyh707e725_8.conda#7fe569c10905402ed47024fc481bb371
https://conda.anaconda.org/conda-forge/noarch/hyperframe-6.1.0-pyhd8ed1ab_0.conda#8e6923fc12f1fe8f8c4e5c9f343256ac
https://conda.anaconda.org/conda-forge/noarch/idna-3.18-pyhcf101f3_0.conda#577b04680ae422adb86fc60d7b940659
https://conda.anaconda.org/conda-forge/noarch/imagesize-2.0.0-pyhd8ed1ab_0.conda#92617c2ba2847cca7a6ed813b6f4ab79
https://conda.anaconda.org/conda-forge/linux-64/immutables-0.21-py312h4c3975b_2.conda#4cf92a9dd8712cdde044fb56be498bd4
https://conda.anaconda.org/conda-forge/noarch/iniconfig-2.3.0-pyhd8ed1ab_0.conda#9614359868482abba1bd15ce465e3c42
https://conda.anaconda.org/conda-forge/linux-64/kiwisolver-1.5.0-py312h0a2e395_0.conda#cd74a9525dc74bbbf93cf8aa2fa9eb5b
https://conda.anaconda.org/conda-forge/linux-64/lcms2-2.19.1-h0c24ade_1.conda#8b3ce45e929cd8e8e5f4d18586b56d8b
https://conda.anaconda.org/conda-forge/linux-64/libblas-3.11.0-8_h4a7cf45_openblas.conda#00fc660ab1b2f5ca07e92b4900d10c79
https://conda.anaconda.org/conda-forge/linux-64/libcups-2.3.3-h7a8fb5f_6.conda#49c553b47ff679a6a1e9fc80b9c5a2d4
https://conda.anaconda.org/conda-forge/linux-64/libcurl-8.21.0-hcf29cc6_0.conda#dcd79cabd5d435f48d75db3d81cb5874
https://conda.anaconda.org/conda-forge/noarch/logmuse-0.3.0-pyhcf101f3_0.conda#789b0a3d1b8e7d69733894ac32eb8b69
https://conda.anaconda.org/conda-forge/linux-64/markupsafe-3.0.3-py312h8a5da7c_1.conda#93a4752d42b12943a355b682ee43285b
https://conda.anaconda.org/conda-forge/noarch/mdurl-0.1.2-pyhd8ed1ab_1.conda#592132998493b3ff25fd7479396e8351
https://conda.anaconda.org/conda-forge/noarch/munkres-1.1.4-pyhd8ed1ab_1.conda#37293a85a0f4f77bbd9cf7aaefc62609
https://conda.anaconda.org/conda-forge/noarch/narwhals-2.22.1-pyhcf101f3_0.conda#9450fb40fb1e147d0bcbdf07cd02ca96
https://conda.anaconda.org/conda-forge/linux-64/openjpeg-2.5.4-h55fea9a_0.conda#11b3379b191f63139e29c0d19dee24cd
https://conda.anaconda.org/conda-forge/noarch/packaging-26.2-pyhc364b38_0.conda#4c06a92e74452cfa53623a81592e8934
https://conda.anaconda.org/conda-forge/noarch/platformdirs-4.10.0-pyhcf101f3_0.conda#2c5ef45db85d34799771629bd5860fd7
https://conda.anaconda.org/conda-forge/noarch/pluggy-1.6.0-pyhf9edf01_1.conda#d7585b6550ad04c8c5e21097ada2888e
https://conda.anaconda.org/conda-forge/linux-64/psutil-7.2.2-py312h5253ce2_0.conda#dd94c506b119130aef5a9382aed648e7
https://conda.anaconda.org/bioconda/linux-64/py2bit-1.0.1-py312hfabe715_0.conda#7da846c787ffda12f0a5bba4db5cfd8f
https://conda.anaconda.org/conda-forge/noarch/pygments-2.20.0-pyhd8ed1ab_0.conda#16c18772b340887160c79a6acc022db0
https://conda.anaconda.org/conda-forge/noarch/pyparsing-3.3.2-pyhcf101f3_0.conda#3687cc0b82a8b4c17e1f0eb7e47163d5
https://conda.anaconda.org/conda-forge/noarch/pysocks-1.7.1-pyha55dd90_7.conda#461219d1a5bd61342293efa2c0c90eac
https://conda.anaconda.org/conda-forge/noarch/python-fastjsonschema-2.21.2-pyhe01879c_0.conda#23029aae904a2ba587daba708208012f
https://conda.anaconda.org/conda-forge/linux-64/python-isal-1.8.0-py312h4c3975b_2.conda#795d04743eb0e62610d8bc9a0474ec98
https://conda.anaconda.org/conda-forge/noarch/python-tzdata-2026.2-pyhd8ed1ab_0.conda#f6ad7450fc21e00ecc23812baed6d2e4
https://conda.anaconda.org/conda-forge/linux-64/python-zlib-ng-1.0.0-py312hc77a125_1.conda#85c496a2dba1a0706a4621b301411e96
https://conda.anaconda.org/conda-forge/noarch/pytz-2026.2-pyhcf101f3_0.conda#03cb60f505ad3ada0a95277af5faeb1a
https://conda.anaconda.org/conda-forge/linux-64/pyyaml-6.0.3-py312h8a5da7c_1.conda#15878599a87992e44c059731771591cb
https://conda.anaconda.org/conda-forge/noarch/reretry-0.11.8-pyhd8ed1ab_1.conda#b965b0dfdb3c89966a6a25060f73aa67
https://conda.anaconda.org/conda-forge/noarch/roman-numerals-4.1.0-pyhd8ed1ab_0.conda#0dc48b4b570931adc8641e55c6c17fe4
https://conda.anaconda.org/conda-forge/linux-64/rpds-py-2026.5.1-py312h192e038_0.conda#a9e6fe6228340517c3b6a98bf5a76e2e
https://conda.anaconda.org/conda-forge/noarch/setuptools-82.0.1-pyh332efcf_0.conda#8e194e7b992f99a5015edbd4ebd38efd
https://conda.anaconda.org/conda-forge/noarch/shellingham-1.5.4-pyhd8ed1ab_2.conda#83ea3a2ddb7a75c1b09cea582aa4f106
https://conda.anaconda.org/conda-forge/noarch/six-1.17.0-pyhe01879c_1.conda#3339e3b65d58accf4ca4fb8748ab16b3
https://conda.anaconda.org/conda-forge/noarch/slack-sdk-3.42.0-pyhcf101f3_0.conda#40776b66bfe5a63227dc1b38cb4f07dc
https://conda.anaconda.org/conda-forge/noarch/smmap-5.0.3-pyhcf101f3_1.conda#b899f1195be56d8215ed1973a8f409c3
https://conda.anaconda.org/conda-forge/noarch/snowballstemmer-3.1.1-pyhd8ed1ab_0.conda#46b6abe31482f6bca064b965696ae807
https://conda.anaconda.org/conda-forge/noarch/sphinxcontrib-jsmath-1.0.1-pyhd8ed1ab_1.conda#fa839b5ff59e192f411ccc7dae6588bb
https://conda.anaconda.org/conda-forge/noarch/tabulate-0.10.0-pyhcf101f3_0.conda#3b887b7b3468b0f494b4fad40178b043
https://conda.anaconda.org/conda-forge/noarch/threadpoolctl-3.6.0-pyhecae5ae_0.conda#9d64911b31d57ca443e9f1e36b04385f
https://conda.anaconda.org/conda-forge/noarch/throttler-1.2.2-pyhd8ed1ab_0.conda#6fc48bef3b400c82abaee323a9d4e290
https://conda.anaconda.org/conda-forge/noarch/toml-0.10.2-pyhcf101f3_3.conda#d0fc809fa4c4d85e959ce4ab6e1de800
https://conda.anaconda.org/conda-forge/noarch/tomli-2.4.1-pyhcf101f3_0.conda#b5325cf06a000c5b14970462ff5e4d58
https://conda.anaconda.org/conda-forge/noarch/traitlets-5.15.1-pyhcf101f3_0.conda#37e3be7b6e2977d37b8fa5da229f5dc0
https://conda.anaconda.org/conda-forge/noarch/typing_extensions-4.15.0-pyhcf101f3_0.conda#0caa1af407ecff61170c9437a808404d
https://conda.anaconda.org/conda-forge/noarch/ubiquerg-0.9.3-pyhd8ed1ab_0.conda#04429efde19509f6672b9f9434676ae9
https://conda.anaconda.org/conda-forge/linux-64/unicodedata2-17.0.1-py312h4c3975b_0.conda#0b6c506ec1f272b685240e70a29261b8
https://conda.anaconda.org/conda-forge/linux-64/wrapt-1.17.3-py312h4c3975b_1.conda#8af3faf88325836e46c6cb79828e058c
https://conda.anaconda.org/conda-forge/linux-64/xorg-libxext-1.3.7-hb03c661_0.conda#34e54f03dfea3e7a2dcf1453a85f1085
https://conda.anaconda.org/conda-forge/linux-64/xorg-libxfixes-6.0.2-hb03c661_0.conda#ba231da7fccf9ea1e768caf5c7099b84
https://conda.anaconda.org/conda-forge/linux-64/xorg-libxrender-0.9.12-hb9d3cd8_0.conda#96d57aba173e878a2089d5638016dc5e
https://conda.anaconda.org/conda-forge/linux-64/xorg-libxt-1.3.1-hb9d3cd8_0.conda#279b0de5f6ba95457190a1c459a64e31
https://conda.anaconda.org/conda-forge/noarch/zipp-4.1.0-pyhcf101f3_0.conda#ba3dcdc8584155c97c648ae9c044b7a3
https://conda.anaconda.org/conda-forge/noarch/amply-0.1.6-pyhd8ed1ab_1.conda#5a81866192811f3a0827f5f93e589f02
https://conda.anaconda.org/conda-forge/linux-64/cairo-1.18.4-he90730b_1.conda#bb6c4808bfa69d6f7f6b07e5846ced37
https://conda.anaconda.org/conda-forge/noarch/coloredlogs-15.0.1-pyhd8ed1ab_4.conda#b866ff7007b934d564961066c8195983
https://conda.anaconda.org/conda-forge/noarch/conda-inject-1.3.2-pyhd8ed1ab_0.conda#e52c2a160d6bd0649c9fafdf0c813357
https://conda.anaconda.org/conda-forge/noarch/configargparse-1.7.5-pyhcf101f3_0.conda#12389a21e7f69704b0ae77f44355e30b
https://conda.anaconda.org/conda-forge/linux-64/fonttools-4.63.0-py312h8a5da7c_0.conda#294fb524171e2a2748cb7fe708aba826
https://conda.anaconda.org/conda-forge/noarch/gitdb-4.0.12-pyhd8ed1ab_0.conda#7c14f3706e099f8fcd47af2d494616cc
https://conda.anaconda.org/conda-forge/noarch/h2-4.3.0-pyhcf101f3_0.conda#164fc43f0b53b6e3a7bc7dce5e4f1dc9
https://conda.anaconda.org/bioconda/linux-64/htslib-1.23.1-h633afcb_0.conda#209caa9e4ff0b9ed02dd09c3161917e5
https://conda.anaconda.org/conda-forge/noarch/importlib-metadata-9.0.0-pyhcf101f3_0.conda#ffc17e785d64e12fc311af9184221839
https://conda.anaconda.org/conda-forge/noarch/jinja2-3.1.6-pyhcf101f3_1.conda#04558c96691bed63104678757beb4f8d
https://conda.anaconda.org/conda-forge/noarch/joblib-1.5.3-pyhd8ed1ab_0.conda#615de2a4d97af50c350e5cf160149e77
https://conda.anaconda.org/conda-forge/noarch/jupyter_core-5.9.1-pyhc90fa1f_0.conda#b38fe4e78ee75def7e599843ef4c1ab0
https://conda.anaconda.org/conda-forge/linux-64/libcblas-3.11.0-8_h0358290_openblas.conda#33a413f1095f8325e5c30fde3b0d2445
https://conda.anaconda.org/conda-forge/linux-64/liblapack-3.11.0-8_h47877c9_openblas.conda#809be8ba8712c77bc7d44c2d99390dc4
https://conda.anaconda.org/conda-forge/noarch/markdown-it-py-4.2.0-pyhd8ed1ab_0.conda#6d03368f2b2b0a5fb6839df53b2eb5e0
https://conda.anaconda.org/conda-forge/linux-64/pillow-12.2.0-py312h50c33e8_0.conda#9e5609720e31213d4f39afe377f6217e
https://conda.anaconda.org/conda-forge/noarch/plotly-6.8.0-pyhd8ed1ab_0.conda#499b2e5cc7cf18761cfd20d6fb837f48
https://conda.anaconda.org/bioconda/linux-64/pysam-0.24.0-py312hf5ad864_1.conda#f94309496d6273c25f0f0a499b75b2fb
https://conda.anaconda.org/conda-forge/noarch/python-dateutil-2.9.0.post0-pyhe01879c_2.conda#5b8d21249ff20967101ffa321cab24e8
https://conda.anaconda.org/conda-forge/noarch/referencing-0.37.0-pyhcf101f3_0.conda#870293df500ca7e18bedefa5838a22ab
https://conda.anaconda.org/conda-forge/noarch/slack_sdk-3.42.0-pyh8a74712_0.conda#0cae39737699e3361a9d15f48c8a0c85
https://conda.anaconda.org/conda-forge/noarch/smart_open-7.6.1-pyhcf101f3_0.conda#8e4971d25d53f168dfb64d6f5ee1316d
https://conda.anaconda.org/conda-forge/noarch/typing-extensions-4.15.0-h396c80c_0.conda#edd329d7d3a4ab45dcf905899a7a6115
https://conda.anaconda.org/conda-forge/noarch/typing-inspection-0.4.2-pyhcf101f3_2.conda#53f5409c5cfd6c5a66417d68e3f0a864
https://conda.anaconda.org/conda-forge/noarch/xopen-2.1.0-pyh707e725_0.conda#8cc47651239ed7c3c9c70781c42da453
https://conda.anaconda.org/conda-forge/linux-64/xorg-libxi-1.8.3-hb03c661_0.conda#adba2e334082bb218db806d4c12277c9
https://conda.anaconda.org/conda-forge/linux-64/xorg-libxrandr-1.5.5-hb03c661_0.conda#e192019153591938acf7322b6459d36e
https://conda.anaconda.org/conda-forge/noarch/yte-1.9.4-pyhd8ed1ab_0.conda#89d5edf5d52d3bc1ed4d7d3feef508ba
https://conda.anaconda.org/conda-forge/noarch/annotated-types-0.7.0-pyhd8ed1ab_1.conda#2934f256a8acfe48f6ebb4fce6cde29c
https://conda.anaconda.org/conda-forge/linux-64/coin-or-utils-2.11.13-hc93afbd_1.conda#4020946ef1fad683935a408ab7127582
https://conda.anaconda.org/bioconda/linux-64/dnaio-1.2.2-py312hf67a6ed_0.tar.bz2#fe9505722563ed4f26aa055c99e4bf2e
https://conda.anaconda.org/conda-forge/noarch/gitpython-3.1.50-pyhd8ed1ab_0.conda#98958318a01373a615f119b1040b3027
https://conda.anaconda.org/conda-forge/linux-64/harfbuzz-14.2.1-h6083320_0.conda#21ee4640b7c2d94e584349fa12b29b9a
https://conda.anaconda.org/conda-forge/noarch/jsonschema-specifications-2025.9.1-pyhcf101f3_0.conda#439cd0f567d697b20a8f45cb70a1005a
https://conda.anaconda.org/conda-forge/linux-64/liblapacke-3.11.0-8_h6ae95b6_openblas.conda#da17457f689df5c0f246d2f0b3798fd2
https://conda.anaconda.org/conda-forge/linux-64/numpy-2.5.0-py312h33ff503_0.conda#24f70d3db040fc69ee72cc38e55bc8e3
https://conda.anaconda.org/conda-forge/linux-64/pydantic-core-2.46.4-py312h868fb18_0.conda#dfb9a57535eb8c35c6744da7043063f0
https://conda.anaconda.org/conda-forge/noarch/pytest-9.1.1-pyhc364b38_2.conda#64c98a12c4e23eb238bf66bbecafdf3c
https://conda.anaconda.org/conda-forge/noarch/rich-15.0.0-pyhcf101f3_0.conda#0242025a3c804966bf71aa04eee82f66
https://conda.anaconda.org/bioconda/linux-64/samtools-1.23.1-ha83d96e_0.conda#89624fbd17c069abcbc8b19b96d497a0
https://conda.anaconda.org/bioconda/noarch/snakemake-interface-common-1.23.0-pyhdfd78af_1.conda#a5ec344abd4b0cdda5a52e870e4d25a3
https://conda.anaconda.org/conda-forge/noarch/urllib3-2.7.0-pyhd8ed1ab_0.conda#cbb88288f74dbe6ada1c6c7d0a97223e
https://conda.anaconda.org/conda-forge/linux-64/xorg-libxtst-1.2.5-hb9d3cd8_3.conda#7bbe9a0cc0df0ac5f5a8ad6d6a11af2f
https://conda.anaconda.org/conda-forge/linux-64/coin-or-osi-0.108.12-hf4fecb4_1.conda#02578ed9fe1a1923d66effeb932e71ce
https://conda.anaconda.org/conda-forge/linux-64/contourpy-1.3.3-py312h0a2e395_4.conda#43c2bc96af3ae5ed9e8a10ded942aa50
https://conda.anaconda.org/bioconda/linux-64/cutadapt-4.9-py312h0fa9677_3.tar.bz2#9b3ee08e6e549d9e2fff65a1bf802c1f
https://conda.anaconda.org/conda-forge/noarch/jsonschema-4.26.0-pyhcf101f3_0.conda#ada41c863af263cc4c5fcbaff7c3e4dc
https://conda.anaconda.org/conda-forge/linux-64/libraqm-0.10.5-h75b3fb1_0.conda#6855be9eb1d891cd5afb5eb90501c74c
https://conda.anaconda.org/conda-forge/linux-64/openjdk-17.0.18-ha668962_0.conda#98c0955fbe4b6bcb67a43817e57552bc
https://conda.anaconda.org/conda-forge/linux-64/pandas-2.3.3-py312hf79963d_1.conda#e597b3e812d9613f659b7d87ad252d18
https://conda.anaconda.org/bioconda/linux-64/pybigwig-0.3.25-py312hca67b4d_1.conda#80f16a292e92c33893b5bd75c2b5dabf
https://conda.anaconda.org/conda-forge/noarch/pydantic-2.13.4-pyhcf101f3_0.conda#729843edafc0899b3348bd3f19525b9d
https://conda.anaconda.org/conda-forge/noarch/requests-2.34.2-pyhcf101f3_0.conda#4a85203c1d80c1059086ae860836ffb9
https://conda.anaconda.org/conda-forge/linux-64/scipy-1.18.0-py312h54fa4ab_0.conda#f8d242c552b0f7f682451ce95879af5e
https://conda.anaconda.org/bioconda/noarch/snakemake-interface-executor-plugins-9.4.0-pyh84498cf_0.conda#0d8bbf1699b16ac225031ae0c73729f8
https://conda.anaconda.org/bioconda/noarch/snakemake-interface-report-plugins-1.3.0-pyhd4c3c12_0.conda#e6fd8cfb23b294da699e395dbc968d11
https://conda.anaconda.org/bioconda/noarch/snakemake-interface-storage-plugins-3.5.0-pyhdfd78af_0.tar.bz2#36cf36560726841f9341cd8a71248750
https://conda.anaconda.org/conda-forge/noarch/typer-0.26.7-pyhcf101f3_0.conda#71d2c80673511fab927bd15592994030
https://conda.anaconda.org/conda-forge/linux-64/coin-or-clp-1.17.11-hc03379b_1.conda#e79a3a170436d665098f0a40f7cd655b
https://conda.anaconda.org/bioconda/noarch/fastqc-0.12.1-hdfd78af_0.tar.bz2#c9f6a4b12229f7331f79c9a00dd6e240
https://conda.anaconda.org/conda-forge/linux-64/matplotlib-base-3.11.0-py312h1c5ec97_0.conda#847125fead148cb26f52f8c3413cea12
https://conda.anaconda.org/conda-forge/noarch/nbformat-5.10.4-pyhd8ed1ab_1.conda#bbe1963f1e47f594070ffe87cdf612ea
https://conda.anaconda.org/conda-forge/linux-64/scikit-learn-1.9.0-np2py312h3226591_0.conda#e6e9b5795bb495325c3b4ebd451519aa
https://conda.anaconda.org/conda-forge/linux-64/coin-or-cgl-0.60.10-hc46dffc_1.conda#0990c6102633709868d18151e850072a
https://conda.anaconda.org/conda-forge/linux-64/hmmlearn-0.3.3-py312h1289d80_1.conda#49a38b5465e4ae959c0275e9c8f47494
https://conda.anaconda.org/bioconda/noarch/trim-galore-0.6.10-hdfd78af_1.tar.bz2#67b36a326f55cd5b3f0816c33ee77fcb
https://conda.anaconda.org/conda-forge/linux-64/coin-or-cbc-2.10.13-h4d16d09_1.conda#5f68e67b2b9463501260e731e2999dec
https://conda.anaconda.org/bioconda/linux-64/macs3-3.0.4-py312h71493bf_0.conda#c2b12a3e8125c0a98dff8ead84404a8b
https://conda.anaconda.org/conda-forge/linux-64/pulp-2.8.0-py312hd0750ca_3.conda#1ade2915cfabbcb8f07e7b4387f4d49b
https://conda.anaconda.org/bioconda/noarch/snakemake-minimal-8.30.0-pyhdfd78af_0.tar.bz2#90b8c755ba85874d2d04347befb40549
https://conda.anaconda.org/bioconda/noarch/deeptools-3.5.6-pyhdfd78af_0.tar.bz2#07662d27a3212a1aa674a6bae4688bbd
https://conda.anaconda.org/conda-forge/noarch/eido-0.2.5-pyhd8ed1ab_0.conda#679c2b63523ef75652e5690a39e0f0a2
https://conda.anaconda.org/conda-forge/noarch/numpydoc-1.10.0-pyhcf101f3_0.conda#3aa4b625f20f55cf68e92df5e5bf3c39
https://conda.anaconda.org/conda-forge/noarch/pephubclient-0.4.4-pyhd8ed1ab_1.conda#08d92912686d87b05d53ce04f00142c8
https://conda.anaconda.org/conda-forge/noarch/peppy-0.40.8-pyhd8ed1ab_0.conda#af8214b9b5fd6d49175958be2a4f5321
https://conda.anaconda.org/bioconda/noarch/snakemake-8.30.0-hdfd78af_0.tar.bz2#d139aff0e91d6caaaba6b65645c49c7c
https://conda.anaconda.org/conda-forge/noarch/sphinxcontrib-applehelp-2.0.0-pyhd8ed1ab_1.conda#16e3f039c0aa6446513e94ab18a8784b
https://conda.anaconda.org/conda-forge/noarch/sphinxcontrib-devhelp-2.0.0-pyhd8ed1ab_1.conda#910f28a05c178feba832f842155cbfff
https://conda.anaconda.org/conda-forge/noarch/sphinxcontrib-htmlhelp-2.1.0-pyhd8ed1ab_1.conda#e9fb3fe8a5b758b4aff187d434f94f03
https://conda.anaconda.org/conda-forge/noarch/sphinxcontrib-qthelp-2.0.0-pyhd8ed1ab_1.conda#00534ebcc0375929b45c3039b5ba7636
https://conda.anaconda.org/conda-forge/noarch/sphinx-9.1.0-pyhd8ed1ab_0.conda#aabfbc2813712b71ba8beb217a978498
https://conda.anaconda.org/conda-forge/noarch/sphinxcontrib-serializinghtml-2.0.0-pyhd8ed1ab_0.conda#f77df1fcf9af03b7287342638befca77
