# Generated by conda-lock.
# platform: linux-64
# input_hash: 828e6e86a79f6d6803f300dfb78b4d0bb4c428ee3f5a87d2660add48b55caf32
@EXPLICIT
https://conda.anaconda.org/conda-forge/linux-64/go-shfmt-3.13.1-hfc2019e_0.conda#1e152fa4fe2a7b77d4b86c76a6a85b50
https://conda.anaconda.org/conda-forge/noarch/python_abi-3.12-8_cp312.conda#c3efd25ac4d74b1584d2f7a57195ddf1
https://conda.anaconda.org/conda-forge/noarch/tzdata-2025c-hc9c84f9_1.conda#ad659d0a2b3e47e38d829aa8cad2d610
https://conda.anaconda.org/conda-forge/noarch/ca-certificates-2026.6.17-hbd8a1cb_0.conda#a9965dd99f683c5f444428f896635716
https://conda.anaconda.org/conda-forge/linux-64/libgomp-15.2.0-he0feb66_19.conda#faac990cb7aedc7f3a2224f2c9b0c26c
https://conda.anaconda.org/conda-forge/linux-64/libzlib-1.3.2-h25fd6f3_2.conda#d87ff7921124eccd67248aa483c23fec
https://conda.anaconda.org/conda-forge/linux-64/_openmp_mutex-4.5-20_gnu.conda#a9f577daf3de00bca7c3c76c0ecbd1de
https://conda.anaconda.org/conda-forge/linux-64/zstd-1.5.7-hb78ec9c_6.conda#4a13eeac0b5c8e5b8ab496e6c4ddd829
https://conda.anaconda.org/conda-forge/linux-64/ld_impl_linux-64-2.45.1-default_hbd61a6d_102.conda#18335a698559cdbcd86150a48bf54ba6
https://conda.anaconda.org/conda-forge/linux-64/libgcc-15.2.0-he0feb66_19.conda#57736f29cc2b0ec0b6c2952d3f101b6a
https://conda.anaconda.org/conda-forge/linux-64/bzip2-1.0.8-hda65f42_9.conda#d2ffd7602c02f2b316fd921d39876885
https://conda.anaconda.org/conda-forge/linux-64/libexpat-2.8.1-hecca717_1.conda#b24d3c612f71e7aa74158d92106318b2
https://conda.anaconda.org/conda-forge/linux-64/libffi-3.5.2-h3435931_0.conda#a360c33a5abe61c07959e449fa1453eb
https://conda.anaconda.org/conda-forge/linux-64/libgcc-ng-15.2.0-h69a702a_19.conda#331ee9b72b9dff570d56b1302c5ab37d
https://conda.anaconda.org/conda-forge/linux-64/libgfortran5-15.2.0-h68bc16d_19.conda#85072b0ad177c966294f129b7c04a2d5
https://conda.anaconda.org/conda-forge/linux-64/liblzma-5.8.3-hb03c661_0.conda#b88d90cad08e6bc8ad540cb310a761fb
https://conda.anaconda.org/conda-forge/linux-64/libnsl-2.0.1-hb9d3cd8_1.conda#d864d34357c3b65a4b731f78c0801dc4
https://conda.anaconda.org/conda-forge/linux-64/libsqlite-3.53.3-h0c1763c_0.conda#4aed8e657e9ff156bdbe849b4df44389
https://conda.anaconda.org/conda-forge/linux-64/libstdcxx-15.2.0-h934c35e_19.conda#5794b3bdc38177caf969dabd3af08549
https://conda.anaconda.org/conda-forge/linux-64/libuuid-2.42.2-h5347b49_0.conda#01bb81d12c957de066ea7362007df642
https://conda.anaconda.org/conda-forge/linux-64/ncurses-6.6-hdb14827_0.conda#fc21868a1a5aacc937e7a18747acb8a5
https://conda.anaconda.org/conda-forge/linux-64/openssl-3.6.3-h35e630c_0.conda#79dd2074b5cd5c5c6b2930514a11e22d
https://conda.anaconda.org/conda-forge/linux-64/tk-8.6.13-noxft_h366c992_103.conda#cffd3bdd58090148f4cfcd831f4b26ab
https://conda.anaconda.org/conda-forge/linux-64/yaml-0.2.5-h280c20c_3.conda#a77f85f77be52ff59391544bfe73390a
https://conda.anaconda.org/conda-forge/linux-64/libgfortran-15.2.0-h69a702a_19.conda#42bf7eca1a951735fa06c0e3c0d5c8e6
https://conda.anaconda.org/conda-forge/linux-64/libxcrypt-4.4.36-hd590300_1.conda#5aa797f8787fe7a17d1b0821485b5adc
https://conda.anaconda.org/conda-forge/linux-64/readline-8.3-h853b02a_0.conda#d7d95fc8287ea7bf33e0e7116d2b95ec
https://conda.anaconda.org/conda-forge/linux-64/libopenblas-0.3.33-pthreads_h94d23a6_0.conda#2d3278b721e40468295ca755c3b84070
https://conda.anaconda.org/conda-forge/linux-64/python-3.12.13-hd63d673_0_cpython.conda#7eccb41177e15cc672e1babe9056018e
https://conda.anaconda.org/conda-forge/noarch/appdirs-1.4.4-pyhd8ed1ab_1.conda#f4e90937bbfc3a4a92539545a37bb448
https://conda.anaconda.org/conda-forge/noarch/argparse-dataclass-2.0.0-pyhd8ed1ab_1.conda#3c0e753fd317fa10d34020a2bc8add8e
https://conda.anaconda.org/conda-forge/noarch/attrs-26.1.0-pyhcf101f3_0.conda#c6b0543676ecb1fb2d7643941fe375f2
https://conda.anaconda.org/conda-forge/linux-64/backports.zstd-1.6.0-py312h90b7ffd_0.conda#55811da425538da800b89c0c588652fa
https://conda.anaconda.org/conda-forge/linux-64/brotli-python-1.2.0-py312hdb49522_1.conda#64088dffd7413a2dd557ce837b4cbbdb
https://conda.anaconda.org/conda-forge/noarch/certifi-2026.6.17-pyhd8ed1ab_0.conda#c13824fedced67005d3832c152fe9c2f
https://conda.anaconda.org/conda-forge/noarch/charset-normalizer-3.4.9-pyhd8ed1ab_0.conda#d154b40b109e503430979e8a8d099eaf
https://conda.anaconda.org/conda-forge/noarch/click-8.4.2-pyhc90fa1f_0.conda#2c4bd6aeb90bb157456841c3270a0d92
https://conda.anaconda.org/conda-forge/noarch/connection_pool-0.0.3-pyhd3deb0d_0.tar.bz2#e270fff08907db8691c02a0eda8d38ae
https://conda.anaconda.org/conda-forge/noarch/docutils-0.23-pyhcf101f3_0.conda#2c3958e02221c2504ec036139e648d8b
https://conda.anaconda.org/conda-forge/noarch/dpath-2.2.0-pyha770c72_1.conda#7b2af124684a994217e62c641bca2e48
https://conda.anaconda.org/conda-forge/noarch/hpack-4.2.0-pyhd8ed1ab_0.conda#b395909221b9bd1df066e5930e18855b
https://conda.anaconda.org/conda-forge/noarch/humanfriendly-10.0-pyh707e725_8.conda#7fe569c10905402ed47024fc481bb371
https://conda.anaconda.org/conda-forge/noarch/hyperframe-6.1.0-pyhd8ed1ab_0.conda#8e6923fc12f1fe8f8c4e5c9f343256ac
https://conda.anaconda.org/conda-forge/noarch/idna-3.18-pyhcf101f3_0.conda#577b04680ae422adb86fc60d7b940659
https://conda.anaconda.org/conda-forge/linux-64/immutables-0.21-py312h4c3975b_2.conda#4cf92a9dd8712cdde044fb56be498bd4
https://conda.anaconda.org/conda-forge/linux-64/libblas-3.11.0-8_h4a7cf45_openblas.conda#00fc660ab1b2f5ca07e92b4900d10c79
https://conda.anaconda.org/conda-forge/linux-64/markupsafe-3.0.3-py312h8a5da7c_1.conda#93a4752d42b12943a355b682ee43285b
https://conda.anaconda.org/conda-forge/noarch/mypy_extensions-1.1.0-pyha770c72_0.conda#e9c622e0d00fa24a6292279af3ab6d06
https://conda.anaconda.org/conda-forge/noarch/packaging-25.0-pyh29332c3_1.conda#58335b26c38bf4a20f399384c33cbcf9
https://conda.anaconda.org/conda-forge/noarch/pathspec-1.1.1-pyhd8ed1ab_0.conda#11adc78451c998c0fd162584abfa3559
https://conda.anaconda.org/conda-forge/noarch/platformdirs-4.10.0-pyhcf101f3_0.conda#2c5ef45db85d34799771629bd5860fd7
https://conda.anaconda.org/conda-forge/linux-64/psutil-7.2.2-py312h5253ce2_0.conda#dd94c506b119130aef5a9382aed648e7
https://conda.anaconda.org/conda-forge/noarch/pyparsing-3.3.2-pyhcf101f3_0.conda#3687cc0b82a8b4c17e1f0eb7e47163d5
https://conda.anaconda.org/conda-forge/noarch/pysocks-1.7.1-pyha55dd90_7.conda#461219d1a5bd61342293efa2c0c90eac
https://conda.anaconda.org/conda-forge/noarch/python-fastjsonschema-2.21.2-pyhe01879c_0.conda#23029aae904a2ba587daba708208012f
https://conda.anaconda.org/conda-forge/linux-64/pytokens-0.4.1-py312h5253ce2_2.conda#ab76f651e22ed97fa2278fb90b6c8edf
https://conda.anaconda.org/conda-forge/linux-64/pyyaml-6.0.3-py312h8a5da7c_1.conda#15878599a87992e44c059731771591cb
https://conda.anaconda.org/conda-forge/noarch/reretry-0.11.8-pyhd8ed1ab_1.conda#b965b0dfdb3c89966a6a25060f73aa67
https://conda.anaconda.org/conda-forge/linux-64/rpds-py-2026.6.3-py312h192e038_0.conda#40984fba15f43a366ea4c6dea2b4c8bd
https://conda.anaconda.org/conda-forge/linux-64/ruff-0.15.21-h6a952e8_0.conda#469696f9c70885af30a0af1ce2e8c3a6
https://conda.anaconda.org/conda-forge/noarch/smmap-5.0.3-pyhcf101f3_1.conda#b899f1195be56d8215ed1973a8f409c3
https://conda.anaconda.org/conda-forge/noarch/tabulate-0.10.0-pyhcf101f3_0.conda#3b887b7b3468b0f494b4fad40178b043
https://conda.anaconda.org/conda-forge/noarch/throttler-1.2.2-pyhd8ed1ab_0.conda#6fc48bef3b400c82abaee323a9d4e290
https://conda.anaconda.org/conda-forge/noarch/toml-0.10.2-pyhcf101f3_3.conda#d0fc809fa4c4d85e959ce4ab6e1de800
https://conda.anaconda.org/conda-forge/noarch/traitlets-5.15.1-pyhcf101f3_0.conda#37e3be7b6e2977d37b8fa5da229f5dc0
https://conda.anaconda.org/conda-forge/noarch/typing_extensions-4.16.0-pyhcf101f3_0.conda#c70ad746c22219b9700931707482992c
https://conda.anaconda.org/conda-forge/linux-64/wrapt-1.17.3-py312h4c3975b_1.conda#8af3faf88325836e46c6cb79828e058c
https://conda.anaconda.org/conda-forge/noarch/amply-0.1.7-pyhd8ed1ab_0.conda#69a01a9927733014f3955861e2969a7b
https://conda.anaconda.org/conda-forge/noarch/black-26.5.1-pyh866005b_0.conda#651a8c2065be6883e86ec0e8471ed5ce
https://conda.anaconda.org/conda-forge/noarch/conda-inject-1.3.2-pyhd8ed1ab_0.conda#e52c2a160d6bd0649c9fafdf0c813357
https://conda.anaconda.org/conda-forge/noarch/configargparse-1.7.5-pyhcf101f3_0.conda#12389a21e7f69704b0ae77f44355e30b
https://conda.anaconda.org/conda-forge/noarch/gitdb-4.0.12-pyhd8ed1ab_0.conda#7c14f3706e099f8fcd47af2d494616cc
https://conda.anaconda.org/conda-forge/noarch/h2-4.3.0-pyhcf101f3_0.conda#164fc43f0b53b6e3a7bc7dce5e4f1dc9
https://conda.anaconda.org/conda-forge/noarch/jinja2-3.1.6-pyhcf101f3_1.conda#04558c96691bed63104678757beb4f8d
https://conda.anaconda.org/conda-forge/noarch/jupyter_core-5.9.1-pyhc90fa1f_0.conda#b38fe4e78ee75def7e599843ef4c1ab0
https://conda.anaconda.org/conda-forge/linux-64/libcblas-3.11.0-8_h0358290_openblas.conda#33a413f1095f8325e5c30fde3b0d2445
https://conda.anaconda.org/conda-forge/linux-64/liblapack-3.11.0-8_h47877c9_openblas.conda#809be8ba8712c77bc7d44c2d99390dc4
https://conda.anaconda.org/conda-forge/noarch/referencing-0.37.0-pyhcf101f3_0.conda#870293df500ca7e18bedefa5838a22ab
https://conda.anaconda.org/conda-forge/noarch/smart_open-7.7.1-pyhcf101f3_0.conda#fd2e276dbbd1a2ae15ffdbdbabd908f1
https://conda.anaconda.org/conda-forge/noarch/yte-1.9.4-pyhd8ed1ab_0.conda#89d5edf5d52d3bc1ed4d7d3feef508ba
https://conda.anaconda.org/conda-forge/linux-64/coin-or-utils-2.11.13-hc93afbd_1.conda#4020946ef1fad683935a408ab7127582
https://conda.anaconda.org/conda-forge/noarch/gitpython-3.1.51-pyhd8ed1ab_0.conda#69ab1d45a59133692ccad36f67011b8d
https://conda.anaconda.org/conda-forge/noarch/jsonschema-specifications-2025.9.1-pyhcf101f3_0.conda#439cd0f567d697b20a8f45cb70a1005a
https://conda.anaconda.org/conda-forge/linux-64/liblapacke-3.11.0-8_h6ae95b6_openblas.conda#da17457f689df5c0f246d2f0b3798fd2
https://conda.anaconda.org/bioconda/noarch/snakefmt-2.0.3-pyhdfd78af_0.conda#412955d27d51158d1940ea1c5e516e56
https://conda.anaconda.org/bioconda/noarch/snakemake-interface-common-1.23.0-pyhdfd78af_1.conda#a5ec344abd4b0cdda5a52e870e4d25a3
https://conda.anaconda.org/conda-forge/noarch/urllib3-2.7.0-pyhd8ed1ab_0.conda#cbb88288f74dbe6ada1c6c7d0a97223e
https://conda.anaconda.org/conda-forge/linux-64/coin-or-osi-0.108.12-hf4fecb4_1.conda#02578ed9fe1a1923d66effeb932e71ce
https://conda.anaconda.org/conda-forge/noarch/jsonschema-4.26.0-pyhcf101f3_0.conda#ada41c863af263cc4c5fcbaff7c3e4dc
https://conda.anaconda.org/conda-forge/noarch/requests-2.34.2-pyhcf101f3_0.conda#4a85203c1d80c1059086ae860836ffb9
https://conda.anaconda.org/bioconda/noarch/snakemake-interface-executor-plugins-9.4.0-pyh84498cf_0.conda#0d8bbf1699b16ac225031ae0c73729f8
https://conda.anaconda.org/bioconda/noarch/snakemake-interface-report-plugins-1.3.0-pyhd4c3c12_0.conda#e6fd8cfb23b294da699e395dbc968d11
https://conda.anaconda.org/bioconda/noarch/snakemake-interface-storage-plugins-3.5.0-pyhdfd78af_0.tar.bz2#36cf36560726841f9341cd8a71248750
https://conda.anaconda.org/conda-forge/linux-64/coin-or-clp-1.17.11-hc03379b_1.conda#e79a3a170436d665098f0a40f7cd655b
https://conda.anaconda.org/conda-forge/noarch/nbformat-5.10.4-pyhd8ed1ab_1.conda#bbe1963f1e47f594070ffe87cdf612ea
https://conda.anaconda.org/conda-forge/linux-64/coin-or-cgl-0.60.10-hc46dffc_1.conda#0990c6102633709868d18151e850072a
https://conda.anaconda.org/conda-forge/linux-64/coin-or-cbc-2.10.13-h4d16d09_1.conda#5f68e67b2b9463501260e731e2999dec
https://conda.anaconda.org/conda-forge/linux-64/pulp-2.8.0-py312hd0750ca_3.conda#1ade2915cfabbcb8f07e7b4387f4d49b
https://conda.anaconda.org/bioconda/noarch/snakemake-minimal-8.30.0-pyhdfd78af_0.tar.bz2#90b8c755ba85874d2d04347befb40549
